
Microsoft Visual Studio Solution File, Format Version 12.00
# Visual Studio Version 16
VisualStudioVersion = 16.0.31624.102
MinimumVisualStudioVersion = 10.0.40219.1
Project("{FAE04EC0-301F-11D3-BF4B-00C04F79EFBC}") = "BookStoreGUI", "LoginPage\BookStoreGUI.csproj", "{49583E5A-AD65-4902-AE9B-87032A085D03}"
EndProject
Project("{FAE04EC0-301F-11D3-BF4B-00C04F79EFBC}") = "BookStoreLIB", "UnitTestLoginPage\BookStoreLIB.csproj", "{66059D10-FD9B-4019-8B00-549D525BB099}"
EndProject
Global
	GlobalSection(SolutionConfigurationPlatforms) = preSolution
		Debug|Any CPU = Debug|Any CPU
		Release|Any CPU = Release|Any CPU
	EndGlobalSection
	GlobalSection(ProjectConfigurationPlatforms) = postSolution
		{49583E5A-AD65-4902-AE9B-87032A085D03}.Debug|Any CPU.ActiveCfg = Debug|Any CPU
		{49583E5A-AD65-4902-AE9B-87032A085D03}.Debug|Any CPU.Build.0 = Debug|Any CPU
		{49583E5A-AD65-4902-AE9B-87032A085D03}.Release|Any CPU.ActiveCfg = Release|Any CPU
		{49583E5A-AD65-4902-AE9B-87032A085D03}.Release|Any CPU.Build.0 = Release|Any CPU
		{66059D10-FD9B-4019-8B00-549D525BB099}.Debug|Any CPU.ActiveCfg = Debug|Any CPU
		{66059D10-FD9B-4019-8B00-549D525BB099}.Debug|Any CPU.Build.0 = Debug|Any CPU
		{66059D10-FD9B-4019-8B00-549D525BB099}.Release|Any CPU.ActiveCfg = Release|Any CPU
		{66059D10-FD9B-4019-8B00-549D525BB099}.Release|Any CPU.Build.0 = Release|Any CPU
	EndGlobalSection
	GlobalSection(SolutionProperties) = preSolution
		HideSolutionNode = FALSE
	EndGlobalSection
	GlobalSection(ExtensibilityGlobals) = postSolution
		SolutionGuid = {34EA34A2-09D4-45E0-B447-35F243E78492}
	EndGlobalSection
EndGlobal
